
Microsoft Visual Studio Solution File, Format Version 12.00
# Visual Studio 15
VisualStudioVersion = 15.0.28307.136
MinimumVisualStudioVersion = 10.0.40219.1
Project("{FAE04EC0-301F-11D3-BF4B-00C04F79EFBC}") = "QrScanner.Android", "QrScanner\QrScanner.Android\QrScanner.Android.csproj", "{131C7195-270F-4E33-8C1C-0F98C1475794}"
EndProject
Project("{FAE04EC0-301F-11D3-BF4B-00C04F79EFBC}") = "QrScanner.iOS", "QrScanner\QrScanner.iOS\QrScanner.iOS.csproj", "{93E54A36-6038-48D1-BCE6-B0A16D345EB5}"
EndProject
Project("{FAE04EC0-301F-11D3-BF4B-00C04F79EFBC}") = "QrScanner.UWP", "QrScanner\QrScanner.UWP\QrScanner.UWP.csproj", "{2983AE01-479D-4890-87B7-B9DD94C39853}"
EndProject
Project("{FAE04EC0-301F-11D3-BF4B-00C04F79EFBC}") = "QrScanner", "QrScanner\QrScanner\QrScanner.csproj", "{37773C66-36B7-4A28-B42D-B4302AC4A970}"
EndProject
Global
	GlobalSection(SolutionConfigurationPlatforms) = preSolution
		Debug|Any CPU = Debug|Any CPU
		Debug|ARM = Debug|ARM
		Debug|iPhone = Debug|iPhone
		Debug|iPhoneSimulator = Debug|iPhoneSimulator
		Debug|x64 = Debug|x64
		Debug|x86 = Debug|x86
		Release|Any CPU = Release|Any CPU
		Release|ARM = Release|ARM
		Release|iPhone = Release|iPhone
		Release|iPhoneSimulator = Release|iPhoneSimulator
		Release|x64 = Release|x64
		Release|x86 = Release|x86
	EndGlobalSection
	GlobalSection(ProjectConfigurationPlatforms) = postSolution
		{131C7195-270F-4E33-8C1C-0F98C1475794}.Debug|Any CPU.ActiveCfg = Debug|Any CPU
		{131C7195-270F-4E33-8C1C-0F98C1475794}.Debug|Any CPU.Build.0 = Debug|Any CPU
		{131C7195-270F-4E33-8C1C-0F98C1475794}.Debug|Any CPU.Deploy.0 = Debug|Any CPU
		{131C7195-270F-4E33-8C1C-0F98C1475794}.Debug|ARM.ActiveCfg = Debug|Any CPU
		{131C7195-270F-4E33-8C1C-0F98C1475794}.Debug|ARM.Build.0 = Debug|Any CPU
		{131C7195-270F-4E33-8C1C-0F98C1475794}.Debug|ARM.Deploy.0 = Debug|Any CPU
		{131C7195-270F-4E33-8C1C-0F98C1475794}.Debug|iPhone.ActiveCfg = Debug|Any CPU
		{131C7195-270F-4E33-8C1C-0F98C1475794}.Debug|iPhone.Build.0 = Debug|Any CPU
		{131C7195-270F-4E33-8C1C-0F98C1475794}.Debug|iPhone.Deploy.0 = Debug|Any CPU
		{131C7195-270F-4E33-8C1C-0F98C1475794}.Debug|iPhoneSimulator.ActiveCfg = Debug|Any CPU
		{131C7195-270F-4E33-8C1C-0F98C1475794}.Debug|iPhoneSimulator.Build.0 = Debug|Any CPU
		{131C7195-270F-4E33-8C1C-0F98C1475794}.Debug|iPhoneSimulator.Deploy.0 = Debug|Any CPU
		{131C7195-270F-4E33-8C1C-0F98C1475794}.Debug|x64.ActiveCfg = Debug|Any CPU
		{131C7195-270F-4E33-8C1C-0F98C1475794}.Debug|x64.Build.0 = Debug|Any CPU
		{131C7195-270F-4E33-8C1C-0F98C1475794}.Debug|x64.Deploy.0 = Debug|Any CPU
		{131C7195-270F-4E33-8C1C-0F98C1475794}.Debug|x86.ActiveCfg = Debug|Any CPU
		{131C7195-270F-4E33-8C1C-0F98C1475794}.Debug|x86.Build.0 = Debug|Any CPU
		{131C7195-270F-4E33-8C1C-0F98C1475794}.Debug|x86.Deploy.0 = Debug|Any CPU
		{131C7195-270F-4E33-8C1C-0F98C1475794}.Release|Any CPU.ActiveCfg = Release|Any CPU
		{131C7195-270F-4E33-8C1C-0F98C1475794}.Release|Any CPU.Build.0 = Release|Any CPU
		{131C7195-270F-4E33-8C1C-0F98C1475794}.Release|Any CPU.Deploy.0 = Release|Any CPU
		{131C7195-270F-4E33-8C1C-0F98C1475794}.Release|ARM.ActiveCfg = Release|Any CPU
		{131C7195-270F-4E33-8C1C-0F98C1475794}.Release|ARM.Build.0 = Release|Any CPU
		{131C7195-270F-4E33-8C1C-0F98C1475794}.Release|ARM.Deploy.0 = Release|Any CPU
		{131C7195-270F-4E33-8C1C-0F98C1475794}.Release|iPhone.ActiveCfg = Release|Any CPU
		{131C7195-270F-4E33-8C1C-0F98C1475794}.Release|iPhone.Build.0 = Release|Any CPU
		{131C7195-270F-4E33-8C1C-0F98C1475794}.Release|iPhone.Deploy.0 = Release|Any CPU
		{131C7195-270F-4E33-8C1C-0F98C1475794}.Release|iPhoneSimulator.ActiveCfg = Release|Any CPU
		{131C7195-270F-4E33-8C1C-0F98C1475794}.Release|iPhoneSimulator.Build.0 = Release|Any CPU
		{131C7195-270F-4E33-8C1C-0F98C1475794}.Release|iPhoneSimulator.Deploy.0 = Release|Any CPU
		{131C7195-270F-4E33-8C1C-0F98C1475794}.Release|x64.ActiveCfg = Release|Any CPU
		{131C7195-270F-4E33-8C1C-0F98C1475794}.Release|x64.Build.0 = Release|Any CPU
		{131C7195-270F-4E33-8C1C-0F98C1475794}.Release|x64.Deploy.0 = Release|Any CPU
		{131C7195-270F-4E33-8C1C-0F98C1475794}.Release|x86.ActiveCfg = Release|Any CPU
		{131C7195-270F-4E33-8C1C-0F98C1475794}.Release|x86.Build.0 = Release|Any CPU
		{131C7195-270F-4E33-8C1C-0F98C1475794}.Release|x86.Deploy.0 = Release|Any CPU
		{93E54A36-6038-48D1-BCE6-B0A16D345EB5}.Debug|Any CPU.ActiveCfg = Debug|iPhoneSimulator
		{93E54A36-6038-48D1-BCE6-B0A16D345EB5}.Debug|Any CPU.Build.0 = Debug|iPhoneSimulator
		{93E54A36-6038-48D1-BCE6-B0A16D345EB5}.Debug|Any CPU.Deploy.0 = Debug|iPhoneSimulator
		{93E54A36-6038-48D1-BCE6-B0A16D345EB5}.Debug|ARM.ActiveCfg = Debug|iPhone
		{93E54A36-6038-48D1-BCE6-B0A16D345EB5}.Debug|ARM.Build.0 = Debug|iPhone
		{93E54A36-6038-48D1-BCE6-B0A16D345EB5}.Debug|ARM.Deploy.0 = Debug|iPhone
		{93E54A36-6038-48D1-BCE6-B0A16D345EB5}.Debug|iPhone.ActiveCfg = Debug|iPhone
		{93E54A36-6038-48D1-BCE6-B0A16D345EB5}.Debug|iPhone.Build.0 = Debug|iPhone
		{93E54A36-6038-48D1-BCE6-B0A16D345EB5}.Debug|iPhone.Deploy.0 = Debug|iPhone
		{93E54A36-6038-48D1-BCE6-B0A16D345EB5}.Debug|iPhoneSimulator.ActiveCfg = Debug|iPhoneSimulator
		{93E54A36-6038-48D1-BCE6-B0A16D345EB5}.Debug|iPhoneSimulator.Build.0 = Debug|iPhoneSimulator
		{93E54A36-6038-48D1-BCE6-B0A16D345EB5}.Debug|iPhoneSimulator.Deploy.0 = Debug|iPhoneSimulator
		{93E54A36-6038-48D1-BCE6-B0A16D345EB5}.Debug|x64.ActiveCfg = Debug|iPhone
		{93E54A36-6038-48D1-BCE6-B0A16D345EB5}.Debug|x64.Build.0 = Debug|iPhone
		{93E54A36-6038-48D1-BCE6-B0A16D345EB5}.Debug|x64.Deploy.0 = Debug|iPhone
		{93E54A36-6038-48D1-BCE6-B0A16D345EB5}.Debug|x86.ActiveCfg = Debug|iPhone
		{93E54A36-6038-48D1-BCE6-B0A16D345EB5}.Debug|x86.Build.0 = Debug|iPhone
		{93E54A36-6038-48D1-BCE6-B0A16D345EB5}.Debug|x86.Deploy.0 = Debug|iPhone
		{93E54A36-6038-48D1-BCE6-B0A16D345EB5}.Release|Any CPU.ActiveCfg = Release|iPhone
		{93E54A36-6038-48D1-BCE6-B0A16D345EB5}.Release|Any CPU.Build.0 = Release|iPhone
		{93E54A36-6038-48D1-BCE6-B0A16D345EB5}.Release|Any CPU.Deploy.0 = Release|iPhone
		{93E54A36-6038-48D1-BCE6-B0A16D345EB5}.Release|ARM.ActiveCfg = Release|iPhone
		{93E54A36-6038-48D1-BCE6-B0A16D345EB5}.Release|ARM.Build.0 = Release|iPhone
		{93E54A36-6038-48D1-BCE6-B0A16D345EB5}.Release|ARM.Deploy.0 = Release|iPhone
		{93E54A36-6038-48D1-BCE6-B0A16D345EB5}.Release|iPhone.ActiveCfg = Release|iPhone
		{93E54A36-6038-48D1-BCE6-B0A16D345EB5}.Release|iPhone.Build.0 = Release|iPhone
		{93E54A36-6038-48D1-BCE6-B0A16D345EB5}.Release|iPhone.Deploy.0 = Release|iPhone
		{93E54A36-6038-48D1-BCE6-B0A16D345EB5}.Release|iPhoneSimulator.ActiveCfg = Release|iPhoneSimulator
		{93E54A36-6038-48D1-BCE6-B0A16D345EB5}.Release|iPhoneSimulator.Build.0 = Release|iPhoneSimulator
		{93E54A36-6038-48D1-BCE6-B0A16D345EB5}.Release|iPhoneSimulator.Deploy.0 = Release|iPhoneSimulator
		{93E54A36-6038-48D1-BCE6-B0A16D345EB5}.Release|x64.ActiveCfg = Release|iPhone
		{93E54A36-6038-48D1-BCE6-B0A16D345EB5}.Release|x64.Build.0 = Release|iPhone
		{93E54A36-6038-48D1-BCE6-B0A16D345EB5}.Release|x64.Deploy.0 = Release|iPhone
		{93E54A36-6038-48D1-BCE6-B0A16D345EB5}.Release|x86.ActiveCfg = Release|iPhone
		{93E54A36-6038-48D1-BCE6-B0A16D345EB5}.Release|x86.Build.0 = Release|iPhone
		{93E54A36-6038-48D1-BCE6-B0A16D345EB5}.Release|x86.Deploy.0 = Release|iPhone
		{2983AE01-479D-4890-87B7-B9DD94C39853}.Debug|Any CPU.ActiveCfg = Debug|x86
		{2983AE01-479D-4890-87B7-B9DD94C39853}.Debug|Any CPU.Build.0 = Debug|x86
		{2983AE01-479D-4890-87B7-B9DD94C39853}.Debug|Any CPU.Deploy.0 = Debug|x86
		{2983AE01-479D-4890-87B7-B9DD94C39853}.Debug|ARM.ActiveCfg = Debug|ARM
		{2983AE01-479D-4890-87B7-B9DD94C39853}.Debug|ARM.Build.0 = Debug|ARM
		{2983AE01-479D-4890-87B7-B9DD94C39853}.Debug|ARM.Deploy.0 = Debug|ARM
		{2983AE01-479D-4890-87B7-B9DD94C39853}.Debug|iPhone.ActiveCfg = Debug|x86
		{2983AE01-479D-4890-87B7-B9DD94C39853}.Debug|iPhone.Build.0 = Debug|x86
		{2983AE01-479D-4890-87B7-B9DD94C39853}.Debug|iPhone.Deploy.0 = Debug|x86
		{2983AE01-479D-4890-87B7-B9DD94C39853}.Debug|iPhoneSimulator.ActiveCfg = Debug|x86
		{2983AE01-479D-4890-87B7-B9DD94C39853}.Debug|iPhoneSimulator.Build.0 = Debug|x86
		{2983AE01-479D-4890-87B7-B9DD94C39853}.Debug|iPhoneSimulator.Deploy.0 = Debug|x86
		{2983AE01-479D-4890-87B7-B9DD94C39853}.Debug|x64.ActiveCfg = Debug|x64
		{2983AE01-479D-4890-87B7-B9DD94C39853}.Debug|x64.Build.0 = Debug|x64
		{2983AE01-479D-4890-87B7-B9DD94C39853}.Debug|x64.Deploy.0 = Debug|x64
		{2983AE01-479D-4890-87B7-B9DD94C39853}.Debug|x86.ActiveCfg = Debug|x86
		{2983AE01-479D-4890-87B7-B9DD94C39853}.Debug|x86.Build.0 = Debug|x86
		{2983AE01-479D-4890-87B7-B9DD94C39853}.Debug|x86.Deploy.0 = Debug|x86
		{2983AE01-479D-4890-87B7-B9DD94C39853}.Release|Any CPU.ActiveCfg = Release|x86
		{2983AE01-479D-4890-87B7-B9DD94C39853}.Release|Any CPU.Build.0 = Release|x86
		{2983AE01-479D-4890-87B7-B9DD94C39853}.Release|Any CPU.Deploy.0 = Release|x86
		{2983AE01-479D-4890-87B7-B9DD94C39853}.Release|ARM.ActiveCfg = Release|ARM
		{2983AE01-479D-4890-87B7-B9DD94C39853}.Release|ARM.Build.0 = Release|ARM
		{2983AE01-479D-4890-87B7-B9DD94C39853}.Release|ARM.Deploy.0 = Release|ARM
		{2983AE01-479D-4890-87B7-B9DD94C39853}.Release|iPhone.ActiveCfg = Release|x86
		{2983AE01-479D-4890-87B7-B9DD94C39853}.Release|iPhone.Build.0 = Release|x86
		{2983AE01-479D-4890-87B7-B9DD94C39853}.Release|iPhone.Deploy.0 = Release|x86
		{2983AE01-479D-4890-87B7-B9DD94C39853}.Release|iPhoneSimulator.ActiveCfg = Release|x86
		{2983AE01-479D-4890-87B7-B9DD94C39853}.Release|iPhoneSimulator.Build.0 = Release|x86
		{2983AE01-479D-4890-87B7-B9DD94C39853}.Release|iPhoneSimulator.Deploy.0 = Release|x86
		{2983AE01-479D-4890-87B7-B9DD94C39853}.Release|x64.ActiveCfg = Release|x64
		{2983AE01-479D-4890-87B7-B9DD94C39853}.Release|x64.Build.0 = Release|x64
		{2983AE01-479D-4890-87B7-B9DD94C39853}.Release|x64.Deploy.0 = Release|x64
		{2983AE01-479D-4890-87B7-B9DD94C39853}.Release|x86.ActiveCfg = Release|x86
		{2983AE01-479D-4890-87B7-B9DD94C39853}.Release|x86.Build.0 = Release|x86
		{2983AE01-479D-4890-87B7-B9DD94C39853}.Release|x86.Deploy.0 = Release|x86
		{37773C66-36B7-4A28-B42D-B4302AC4A970}.Debug|Any CPU.ActiveCfg = Debug|Any CPU
		{37773C66-36B7-4A28-B42D-B4302AC4A970}.Debug|Any CPU.Build.0 = Debug|Any CPU
		{37773C66-36B7-4A28-B42D-B4302AC4A970}.Debug|Any CPU.Deploy.0 = Debug|Any CPU
		{37773C66-36B7-4A28-B42D-B4302AC4A970}.Debug|ARM.ActiveCfg = Debug|Any CPU
		{37773C66-36B7-4A28-B42D-B4302AC4A970}.Debug|ARM.Build.0 = Debug|Any CPU
		{37773C66-36B7-4A28-B42D-B4302AC4A970}.Debug|ARM.Deploy.0 = Debug|Any CPU
		{37773C66-36B7-4A28-B42D-B4302AC4A970}.Debug|iPhone.ActiveCfg = Debug|Any CPU
		{37773C66-36B7-4A28-B42D-B4302AC4A970}.Debug|iPhone.Build.0 = Debug|Any CPU
		{37773C66-36B7-4A28-B42D-B4302AC4A970}.Debug|iPhone.Deploy.0 = Debug|Any CPU
		{37773C66-36B7-4A28-B42D-B4302AC4A970}.Debug|iPhoneSimulator.ActiveCfg = Debug|Any CPU
		{37773C66-36B7-4A28-B42D-B4302AC4A970}.Debug|iPhoneSimulator.Build.0 = Debug|Any CPU
		{37773C66-36B7-4A28-B42D-B4302AC4A970}.Debug|iPhoneSimulator.Deploy.0 = Debug|Any CPU
		{37773C66-36B7-4A28-B42D-B4302AC4A970}.Debug|x64.ActiveCfg = Debug|Any CPU
		{37773C66-36B7-4A28-B42D-B4302AC4A970}.Debug|x64.Build.0 = Debug|Any CPU
		{37773C66-36B7-4A28-B42D-B4302AC4A970}.Debug|x64.Deploy.0 = Debug|Any CPU
		{37773C66-36B7-4A28-B42D-B4302AC4A970}.Debug|x86.ActiveCfg = Debug|Any CPU
		{37773C66-36B7-4A28-B42D-B4302AC4A970}.Debug|x86.Build.0 = Debug|Any CPU
		{37773C66-36B7-4A28-B42D-B4302AC4A970}.Debug|x86.Deploy.0 = Debug|Any CPU
		{37773C66-36B7-4A28-B42D-B4302AC4A970}.Release|Any CPU.ActiveCfg = Release|Any CPU
		{37773C66-36B7-4A28-B42D-B4302AC4A970}.Release|Any CPU.Build.0 = Release|Any CPU
		{37773C66-36B7-4A28-B42D-B4302AC4A970}.Release|Any CPU.Deploy.0 = Release|Any CPU
		{37773C66-36B7-4A28-B42D-B4302AC4A970}.Release|ARM.ActiveCfg = Release|Any CPU
		{37773C66-36B7-4A28-B42D-B4302AC4A970}.Release|ARM.Build.0 = Release|Any CPU
		{37773C66-36B7-4A28-B42D-B4302AC4A970}.Release|ARM.Deploy.0 = Release|Any CPU
		{37773C66-36B7-4A28-B42D-B4302AC4A970}.Release|iPhone.ActiveCfg = Release|Any CPU
		{37773C66-36B7-4A28-B42D-B4302AC4A970}.Release|iPhone.Build.0 = Release|Any CPU
		{37773C66-36B7-4A28-B42D-B4302AC4A970}.Release|iPhone.Deploy.0 = Release|Any CPU
		{37773C66-36B7-4A28-B42D-B4302AC4A970}.Release|iPhoneSimulator.ActiveCfg = Release|Any CPU
		{37773C66-36B7-4A28-B42D-B4302AC4A970}.Release|iPhoneSimulator.Build.0 = Release|Any CPU
		{37773C66-36B7-4A28-B42D-B4302AC4A970}.Release|iPhoneSimulator.Deploy.0 = Release|Any CPU
		{37773C66-36B7-4A28-B42D-B4302AC4A970}.Release|x64.ActiveCfg = Release|Any CPU
		{37773C66-36B7-4A28-B42D-B4302AC4A970}.Release|x64.Build.0 = Release|Any CPU
		{37773C66-36B7-4A28-B42D-B4302AC4A970}.Release|x64.Deploy.0 = Release|Any CPU
		{37773C66-36B7-4A28-B42D-B4302AC4A970}.Release|x86.ActiveCfg = Release|Any CPU
		{37773C66-36B7-4A28-B42D-B4302AC4A970}.Release|x86.Build.0 = Release|Any CPU
		{37773C66-36B7-4A28-B42D-B4302AC4A970}.Release|x86.Deploy.0 = Release|Any CPU
	EndGlobalSection
	GlobalSection(SolutionProperties) = preSolution
		HideSolutionNode = FALSE
	EndGlobalSection
	GlobalSection(ExtensibilityGlobals) = postSolution
		SolutionGuid = {4DF00724-5B29-4A28-879E-36910BCF4846}
	EndGlobalSection
EndGlobal
